
Microsoft Visual Studio Solution File, Format Version 12.00
# Visual Studio Version 17
VisualStudioVersion = 17.11.35327.3
MinimumVisualStudioVersion = 10.0.40219.1
Project("{FAE04EC0-301F-11D3-BF4B-00C04F79EFBC}") = "DemoMinimalAPIDotNet8", "DemoMinimalAPIDotNet8\DemoMinimalAPIDotNet8.csproj", "{2AE3E243-D25B-4D31-BE6F-449A5C9BE646}"
EndProject
Project("{FAE04EC0-301F-11D3-BF4B-00C04F79EFBC}") = "MyLibrary", "MyLibrary\MyLibrary.csproj", "{7A265051-14EE-4CF0-9724-1C12CCD88A67}"
EndProject
Project("{FAE04EC0-301F-11D3-BF4B-00C04F79EFBC}") = "MyDbContext", "MyDbContext\MyDbContext.csproj", "{B8116EB1-F7EB-4CA0-AE85-77AC816F1CF5}"
EndProject
Global
	GlobalSection(SolutionConfigurationPlatforms) = preSolution
		Debug|Any CPU = Debug|Any CPU
		Release|Any CPU = Release|Any CPU
	EndGlobalSection
	GlobalSection(ProjectConfigurationPlatforms) = postSolution
		{2AE3E243-D25B-4D31-BE6F-449A5C9BE646}.Debug|Any CPU.ActiveCfg = Debug|Any CPU
		{2AE3E243-D25B-4D31-BE6F-449A5C9BE646}.Debug|Any CPU.Build.0 = Debug|Any CPU
		{2AE3E243-D25B-4D31-BE6F-449A5C9BE646}.Release|Any CPU.ActiveCfg = Release|Any CPU
		{2AE3E243-D25B-4D31-BE6F-449A5C9BE646}.Release|Any CPU.Build.0 = Release|Any CPU
		{7A265051-14EE-4CF0-9724-1C12CCD88A67}.Debug|Any CPU.ActiveCfg = Debug|Any CPU
		{7A265051-14EE-4CF0-9724-1C12CCD88A67}.Debug|Any CPU.Build.0 = Debug|Any CPU
		{7A265051-14EE-4CF0-9724-1C12CCD88A67}.Release|Any CPU.ActiveCfg = Release|Any CPU
		{7A265051-14EE-4CF0-9724-1C12CCD88A67}.Release|Any CPU.Build.0 = Release|Any CPU
		{B8116EB1-F7EB-4CA0-AE85-77AC816F1CF5}.Debug|Any CPU.ActiveCfg = Debug|Any CPU
		{B8116EB1-F7EB-4CA0-AE85-77AC816F1CF5}.Debug|Any CPU.Build.0 = Debug|Any CPU
		{B8116EB1-F7EB-4CA0-AE85-77AC816F1CF5}.Release|Any CPU.ActiveCfg = Release|Any CPU
		{B8116EB1-F7EB-4CA0-AE85-77AC816F1CF5}.Release|Any CPU.Build.0 = Release|Any CPU
	EndGlobalSection
	GlobalSection(SolutionProperties) = preSolution
		HideSolutionNode = FALSE
	EndGlobalSection
	GlobalSection(ExtensibilityGlobals) = postSolution
		SolutionGuid = {43F70924-E08E-4129-9CAF-D59EC43A4A17}
	EndGlobalSection
EndGlobal
