
Microsoft Visual Studio Solution File, Format Version 12.00
# Visual Studio Version 17
VisualStudioVersion = 17.11.35327.3
MinimumVisualStudioVersion = 10.0.40219.1
Project("{9A19103F-16F7-4668-BE54-9A1E7A4F7556}") = "DemoMinimalAPIDotNet8", "DemoMinimalAPIDotNet8\DemoMinimalAPIDotNet8.csproj", "{2AE3E243-D25B-4D31-BE6F-449A5C9BE646}"
EndProject
Project("{FAE04EC0-301F-11D3-BF4B-00C04F79EFBC}") = "DemoAPI.Data", "DemoAPI.Data\DemoAPI.Data.csproj", "{60EF57CD-0B98-435C-86B1-3DB765E8B979}"
EndProject
Project("{FAE04EC0-301F-11D3-BF4B-00C04F79EFBC}") = "DemoMinimal.Core", "DemoMinimal.Core\DemoMinimal.Core.csproj", "{AE08D6FC-CA77-4817-A4AF-9F6FB5FDDFD6}"
EndProject
Global
	GlobalSection(SolutionConfigurationPlatforms) = preSolution
		Debug|Any CPU = Debug|Any CPU
		Release|Any CPU = Release|Any CPU
	EndGlobalSection
	GlobalSection(ProjectConfigurationPlatforms) = postSolution
		{2AE3E243-D25B-4D31-BE6F-449A5C9BE646}.Debug|Any CPU.ActiveCfg = Debug|Any CPU
		{2AE3E243-D25B-4D31-BE6F-449A5C9BE646}.Debug|Any CPU.Build.0 = Debug|Any CPU
		{2AE3E243-D25B-4D31-BE6F-449A5C9BE646}.Release|Any CPU.ActiveCfg = Release|Any CPU
		{2AE3E243-D25B-4D31-BE6F-449A5C9BE646}.Release|Any CPU.Build.0 = Release|Any CPU
		{60EF57CD-0B98-435C-86B1-3DB765E8B979}.Debug|Any CPU.ActiveCfg = Debug|Any CPU
		{60EF57CD-0B98-435C-86B1-3DB765E8B979}.Debug|Any CPU.Build.0 = Debug|Any CPU
		{60EF57CD-0B98-435C-86B1-3DB765E8B979}.Release|Any CPU.ActiveCfg = Release|Any CPU
		{60EF57CD-0B98-435C-86B1-3DB765E8B979}.Release|Any CPU.Build.0 = Release|Any CPU
		{AE08D6FC-CA77-4817-A4AF-9F6FB5FDDFD6}.Debug|Any CPU.ActiveCfg = Debug|Any CPU
		{AE08D6FC-CA77-4817-A4AF-9F6FB5FDDFD6}.Debug|Any CPU.Build.0 = Debug|Any CPU
		{AE08D6FC-CA77-4817-A4AF-9F6FB5FDDFD6}.Release|Any CPU.ActiveCfg = Release|Any CPU
		{AE08D6FC-CA77-4817-A4AF-9F6FB5FDDFD6}.Release|Any CPU.Build.0 = Release|Any CPU
	EndGlobalSection
	GlobalSection(SolutionProperties) = preSolution
		HideSolutionNode = FALSE
	EndGlobalSection
	GlobalSection(ExtensibilityGlobals) = postSolution
		SolutionGuid = {43F70924-E08E-4129-9CAF-D59EC43A4A17}
	EndGlobalSection
EndGlobal
